
Microsoft Visual Studio Solution File, Format Version 12.00
# Visual Studio 15
VisualStudioVersion = 15.0.28307.421
MinimumVisualStudioVersion = 10.0.40219.1
Project("{FAE04EC0-301F-11D3-BF4B-00C04F79EFBC}") = "ASD_4", "ASD_4\ASD_4.csproj", "{4B8C6804-2D08-4ECE-88A6-03453FBE7248}"
EndProject
Project("{FAE04EC0-301F-11D3-BF4B-00C04F79EFBC}") = "ASD_4.1WordFile", "..\ASD_4.1WordFile\ASD_4.1WordFile.csproj", "{5E0F518C-F29B-491C-B903-B733B1F4AA3C}"
EndProject
Project("{FAE04EC0-301F-11D3-BF4B-00C04F79EFBC}") = "ASD_4.2WordFile", "ASD_4.2\ASD_4.2WordFile.csproj", "{ED580F7A-A2EA-4759-A5FD-5A8FB9CF8D7C}"
EndProject
Project("{FAE04EC0-301F-11D3-BF4B-00C04F79EFBC}") = "ASD_4.3", "ASD_4.3\ASD_4.3.csproj", "{C877CA5F-14BB-4345-9B30-809F9BC35CC4}"
EndProject
Project("{FAE04EC0-301F-11D3-BF4B-00C04F79EFBC}") = "contest", "contest\contest.csproj", "{7131F9F4-BD5F-4710-996A-61135338AB42}"
EndProject
Global
	GlobalSection(SolutionConfigurationPlatforms) = preSolution
		Debug|Any CPU = Debug|Any CPU
		Release|Any CPU = Release|Any CPU
	EndGlobalSection
	GlobalSection(ProjectConfigurationPlatforms) = postSolution
		{4B8C6804-2D08-4ECE-88A6-03453FBE7248}.Debug|Any CPU.ActiveCfg = Debug|Any CPU
		{4B8C6804-2D08-4ECE-88A6-03453FBE7248}.Debug|Any CPU.Build.0 = Debug|Any CPU
		{4B8C6804-2D08-4ECE-88A6-03453FBE7248}.Release|Any CPU.ActiveCfg = Release|Any CPU
		{4B8C6804-2D08-4ECE-88A6-03453FBE7248}.Release|Any CPU.Build.0 = Release|Any CPU
		{5E0F518C-F29B-491C-B903-B733B1F4AA3C}.Debug|Any CPU.ActiveCfg = Debug|Any CPU
		{5E0F518C-F29B-491C-B903-B733B1F4AA3C}.Debug|Any CPU.Build.0 = Debug|Any CPU
		{5E0F518C-F29B-491C-B903-B733B1F4AA3C}.Release|Any CPU.ActiveCfg = Release|Any CPU
		{5E0F518C-F29B-491C-B903-B733B1F4AA3C}.Release|Any CPU.Build.0 = Release|Any CPU
		{ED580F7A-A2EA-4759-A5FD-5A8FB9CF8D7C}.Debug|Any CPU.ActiveCfg = Debug|Any CPU
		{ED580F7A-A2EA-4759-A5FD-5A8FB9CF8D7C}.Debug|Any CPU.Build.0 = Debug|Any CPU
		{ED580F7A-A2EA-4759-A5FD-5A8FB9CF8D7C}.Release|Any CPU.ActiveCfg = Release|Any CPU
		{ED580F7A-A2EA-4759-A5FD-5A8FB9CF8D7C}.Release|Any CPU.Build.0 = Release|Any CPU
		{C877CA5F-14BB-4345-9B30-809F9BC35CC4}.Debug|Any CPU.ActiveCfg = Debug|Any CPU
		{C877CA5F-14BB-4345-9B30-809F9BC35CC4}.Debug|Any CPU.Build.0 = Debug|Any CPU
		{C877CA5F-14BB-4345-9B30-809F9BC35CC4}.Release|Any CPU.ActiveCfg = Release|Any CPU
		{C877CA5F-14BB-4345-9B30-809F9BC35CC4}.Release|Any CPU.Build.0 = Release|Any CPU
		{7131F9F4-BD5F-4710-996A-61135338AB42}.Debug|Any CPU.ActiveCfg = Debug|Any CPU
		{7131F9F4-BD5F-4710-996A-61135338AB42}.Debug|Any CPU.Build.0 = Debug|Any CPU
		{7131F9F4-BD5F-4710-996A-61135338AB42}.Release|Any CPU.ActiveCfg = Release|Any CPU
		{7131F9F4-BD5F-4710-996A-61135338AB42}.Release|Any CPU.Build.0 = Release|Any CPU
	EndGlobalSection
	GlobalSection(SolutionProperties) = preSolution
		HideSolutionNode = FALSE
	EndGlobalSection
	GlobalSection(ExtensibilityGlobals) = postSolution
		SolutionGuid = {96DADF8A-83BC-4CC3-A37C-1D2D8798CAB3}
	EndGlobalSection
EndGlobal
