
Microsoft Visual Studio Solution File, Format Version 12.00
# Visual Studio 15
VisualStudioVersion = 15.0.28307.779
MinimumVisualStudioVersion = 10.0.40219.1
Project("{9A19103F-16F7-4668-BE54-9A1E7A4F7556}") = "ConsoleApp1", "ConsoleApp1\ConsoleApp1.csproj", "{D0FA856C-3716-4532-97F4-4F998E9C9A63}"
EndProject
Project("{FAE04EC0-301F-11D3-BF4B-00C04F79EFBC}") = "ConsoleApp2", "ConsoleApp2\ConsoleApp2.csproj", "{2016B3FB-DA0A-4CC8-850D-5D233DBFE1A0}"
EndProject
Global
	GlobalSection(SolutionConfigurationPlatforms) = preSolution
		Debug|Any CPU = Debug|Any CPU
		Release|Any CPU = Release|Any CPU
	EndGlobalSection
	GlobalSection(ProjectConfigurationPlatforms) = postSolution
		{D0FA856C-3716-4532-97F4-4F998E9C9A63}.Debug|Any CPU.ActiveCfg = Debug|Any CPU
		{D0FA856C-3716-4532-97F4-4F998E9C9A63}.Debug|Any CPU.Build.0 = Debug|Any CPU
		{D0FA856C-3716-4532-97F4-4F998E9C9A63}.Release|Any CPU.ActiveCfg = Release|Any CPU
		{D0FA856C-3716-4532-97F4-4F998E9C9A63}.Release|Any CPU.Build.0 = Release|Any CPU
		{2016B3FB-DA0A-4CC8-850D-5D233DBFE1A0}.Debug|Any CPU.ActiveCfg = Debug|Any CPU
		{2016B3FB-DA0A-4CC8-850D-5D233DBFE1A0}.Debug|Any CPU.Build.0 = Debug|Any CPU
		{2016B3FB-DA0A-4CC8-850D-5D233DBFE1A0}.Release|Any CPU.ActiveCfg = Release|Any CPU
		{2016B3FB-DA0A-4CC8-850D-5D233DBFE1A0}.Release|Any CPU.Build.0 = Release|Any CPU
	EndGlobalSection
	GlobalSection(SolutionProperties) = preSolution
		HideSolutionNode = FALSE
	EndGlobalSection
	GlobalSection(ExtensibilityGlobals) = postSolution
		SolutionGuid = {92B5F015-126D-48F3-8E55-62C78A21CFC0}
	EndGlobalSection
EndGlobal
