
Microsoft Visual Studio Solution File, Format Version 12.00
# Visual Studio Version 16
VisualStudioVersion = 16.0.29613.14
MinimumVisualStudioVersion = 10.0.40219.1
Project("{FAE04EC0-301F-11D3-BF4B-00C04F79EFBC}") = "ConsoleMVC1", "ConsoleMVC1\ConsoleMVC1.csproj", "{75177600-1691-4F31-B0FB-18DE85999316}"
EndProject
Global
	GlobalSection(SolutionConfigurationPlatforms) = preSolution
		Debug|Any CPU = Debug|Any CPU
		Release|Any CPU = Release|Any CPU
	EndGlobalSection
	GlobalSection(ProjectConfigurationPlatforms) = postSolution
		{75177600-1691-4F31-B0FB-18DE85999316}.Debug|Any CPU.ActiveCfg = Debug|Any CPU
		{75177600-1691-4F31-B0FB-18DE85999316}.Debug|Any CPU.Build.0 = Debug|Any CPU
		{75177600-1691-4F31-B0FB-18DE85999316}.Release|Any CPU.ActiveCfg = Release|Any CPU
		{75177600-1691-4F31-B0FB-18DE85999316}.Release|Any CPU.Build.0 = Release|Any CPU
	EndGlobalSection
	GlobalSection(SolutionProperties) = preSolution
		HideSolutionNode = FALSE
	EndGlobalSection
	GlobalSection(ExtensibilityGlobals) = postSolution
		SolutionGuid = {ABADA6AE-7CE4-46CE-82AF-22A78C7705D6}
	EndGlobalSection
EndGlobal
