
Microsoft Visual Studio Solution File, Format Version 12.00
# Visual Studio Version 16
VisualStudioVersion = 16.0.29326.143
MinimumVisualStudioVersion = 10.0.40219.1
Project("{FAE04EC0-301F-11D3-BF4B-00C04F79EFBC}") = "HeroFight", "HeroFight\HeroFight.csproj", "{FD8C2D6E-95D7-43B9-98B4-80273B77764A}"
EndProject
Global
	GlobalSection(SolutionConfigurationPlatforms) = preSolution
		Debug|Any CPU = Debug|Any CPU
		Release|Any CPU = Release|Any CPU
	EndGlobalSection
	GlobalSection(ProjectConfigurationPlatforms) = postSolution
		{FD8C2D6E-95D7-43B9-98B4-80273B77764A}.Debug|Any CPU.ActiveCfg = Debug|Any CPU
		{FD8C2D6E-95D7-43B9-98B4-80273B77764A}.Debug|Any CPU.Build.0 = Debug|Any CPU
		{FD8C2D6E-95D7-43B9-98B4-80273B77764A}.Release|Any CPU.ActiveCfg = Release|Any CPU
		{FD8C2D6E-95D7-43B9-98B4-80273B77764A}.Release|Any CPU.Build.0 = Release|Any CPU
	EndGlobalSection
	GlobalSection(SolutionProperties) = preSolution
		HideSolutionNode = FALSE
	EndGlobalSection
	GlobalSection(ExtensibilityGlobals) = postSolution
		SolutionGuid = {AF67AE6A-F07C-4BC9-9892-28C20457032F}
	EndGlobalSection
EndGlobal
