
Microsoft Visual Studio Solution File, Format Version 12.00
# Visual Studio 15
VisualStudioVersion = 15.0.28307.779
MinimumVisualStudioVersion = 10.0.40219.1
Project("{FAE04EC0-301F-11D3-BF4B-00C04F79EFBC}") = "Book", "Book\Book.csproj", "{C4E53A77-60B3-4D09-BC1D-435062849545}"
EndProject
Global
	GlobalSection(SolutionConfigurationPlatforms) = preSolution
		Debug|Any CPU = Debug|Any CPU
		Release|Any CPU = Release|Any CPU
	EndGlobalSection
	GlobalSection(ProjectConfigurationPlatforms) = postSolution
		{C4E53A77-60B3-4D09-BC1D-435062849545}.Debug|Any CPU.ActiveCfg = Debug|Any CPU
		{C4E53A77-60B3-4D09-BC1D-435062849545}.Debug|Any CPU.Build.0 = Debug|Any CPU
		{C4E53A77-60B3-4D09-BC1D-435062849545}.Release|Any CPU.ActiveCfg = Release|Any CPU
		{C4E53A77-60B3-4D09-BC1D-435062849545}.Release|Any CPU.Build.0 = Release|Any CPU
	EndGlobalSection
	GlobalSection(SolutionProperties) = preSolution
		HideSolutionNode = FALSE
	EndGlobalSection
	GlobalSection(ExtensibilityGlobals) = postSolution
		SolutionGuid = {88477D13-1D99-4816-A4C3-9733692771E7}
	EndGlobalSection
EndGlobal
