
Microsoft Visual Studio Solution File, Format Version 12.00
# Visual Studio 15
VisualStudioVersion = 15.0.28307.779
MinimumVisualStudioVersion = 10.0.40219.1
Project("{FAE04EC0-301F-11D3-BF4B-00C04F79EFBC}") = "ConsoleApp2", "ConsoleApp2\ConsoleApp2.csproj", "{B7C78AC2-F877-4D43-8338-993CD888CCC8}"
EndProject
Global
	GlobalSection(SolutionConfigurationPlatforms) = preSolution
		Debug|Any CPU = Debug|Any CPU
		Release|Any CPU = Release|Any CPU
	EndGlobalSection
	GlobalSection(ProjectConfigurationPlatforms) = postSolution
		{B7C78AC2-F877-4D43-8338-993CD888CCC8}.Debug|Any CPU.ActiveCfg = Debug|Any CPU
		{B7C78AC2-F877-4D43-8338-993CD888CCC8}.Debug|Any CPU.Build.0 = Debug|Any CPU
		{B7C78AC2-F877-4D43-8338-993CD888CCC8}.Release|Any CPU.ActiveCfg = Release|Any CPU
		{B7C78AC2-F877-4D43-8338-993CD888CCC8}.Release|Any CPU.Build.0 = Release|Any CPU
	EndGlobalSection
	GlobalSection(SolutionProperties) = preSolution
		HideSolutionNode = FALSE
	EndGlobalSection
	GlobalSection(ExtensibilityGlobals) = postSolution
		SolutionGuid = {09EE5D62-A183-451F-AF20-AC1545D63185}
	EndGlobalSection
EndGlobal
