
Microsoft Visual Studio Solution File, Format Version 12.00
# Visual Studio 15
VisualStudioVersion = 15.0.28307.421
MinimumVisualStudioVersion = 10.0.40219.1
Project("{FAE04EC0-301F-11D3-BF4B-00C04F79EFBC}") = "Restourant", "Restourant\Restourant.csproj", "{ABACE4B6-C998-4532-B0B5-D67FD16D23D8}"
EndProject
Global
	GlobalSection(SolutionConfigurationPlatforms) = preSolution
		Debug|Any CPU = Debug|Any CPU
		Release|Any CPU = Release|Any CPU
	EndGlobalSection
	GlobalSection(ProjectConfigurationPlatforms) = postSolution
		{ABACE4B6-C998-4532-B0B5-D67FD16D23D8}.Debug|Any CPU.ActiveCfg = Debug|Any CPU
		{ABACE4B6-C998-4532-B0B5-D67FD16D23D8}.Debug|Any CPU.Build.0 = Debug|Any CPU
		{ABACE4B6-C998-4532-B0B5-D67FD16D23D8}.Release|Any CPU.ActiveCfg = Release|Any CPU
		{ABACE4B6-C998-4532-B0B5-D67FD16D23D8}.Release|Any CPU.Build.0 = Release|Any CPU
	EndGlobalSection
	GlobalSection(SolutionProperties) = preSolution
		HideSolutionNode = FALSE
	EndGlobalSection
	GlobalSection(ExtensibilityGlobals) = postSolution
		SolutionGuid = {E837DF67-B5AC-4793-83EA-0FA2F477DC37}
	EndGlobalSection
EndGlobal
