
Microsoft Visual Studio Solution File, Format Version 12.00
# Visual Studio Version 16
VisualStudioVersion = 16.0.29613.14
MinimumVisualStudioVersion = 10.0.40219.1
Project("{FAE04EC0-301F-11D3-BF4B-00C04F79EFBC}") = "CreateTree", "CreateTree\CreateTree.csproj", "{74D2E924-C247-4A0D-A7B7-30872B8DE046}"
EndProject
Project("{FAE04EC0-301F-11D3-BF4B-00C04F79EFBC}") = "BTree", "BTree\BTree.csproj", "{1FE924B4-4150-4280-8F98-3FBAFEB9076A}"
EndProject
Global
	GlobalSection(SolutionConfigurationPlatforms) = preSolution
		Debug|Any CPU = Debug|Any CPU
		Release|Any CPU = Release|Any CPU
	EndGlobalSection
	GlobalSection(ProjectConfigurationPlatforms) = postSolution
		{74D2E924-C247-4A0D-A7B7-30872B8DE046}.Debug|Any CPU.ActiveCfg = Debug|Any CPU
		{74D2E924-C247-4A0D-A7B7-30872B8DE046}.Debug|Any CPU.Build.0 = Debug|Any CPU
		{74D2E924-C247-4A0D-A7B7-30872B8DE046}.Release|Any CPU.ActiveCfg = Release|Any CPU
		{74D2E924-C247-4A0D-A7B7-30872B8DE046}.Release|Any CPU.Build.0 = Release|Any CPU
		{1FE924B4-4150-4280-8F98-3FBAFEB9076A}.Debug|Any CPU.ActiveCfg = Debug|Any CPU
		{1FE924B4-4150-4280-8F98-3FBAFEB9076A}.Debug|Any CPU.Build.0 = Debug|Any CPU
		{1FE924B4-4150-4280-8F98-3FBAFEB9076A}.Release|Any CPU.ActiveCfg = Release|Any CPU
		{1FE924B4-4150-4280-8F98-3FBAFEB9076A}.Release|Any CPU.Build.0 = Release|Any CPU
	EndGlobalSection
	GlobalSection(SolutionProperties) = preSolution
		HideSolutionNode = FALSE
	EndGlobalSection
	GlobalSection(ExtensibilityGlobals) = postSolution
		SolutionGuid = {81A8098E-ED3E-4D2F-8112-703D4DB6A461}
	EndGlobalSection
EndGlobal
