
Microsoft Visual Studio Solution File, Format Version 12.00
# Visual Studio Version 16
VisualStudioVersion = 16.0.29326.143
MinimumVisualStudioVersion = 10.0.40219.1
Project("{FAE04EC0-301F-11D3-BF4B-00C04F79EFBC}") = "MiningSystem", "MiningSystem\MiningSystem.csproj", "{0CAC2812-3412-46AD-8EF1-9203473595D8}"
EndProject
Global
	GlobalSection(SolutionConfigurationPlatforms) = preSolution
		Debug|Any CPU = Debug|Any CPU
		Release|Any CPU = Release|Any CPU
	EndGlobalSection
	GlobalSection(ProjectConfigurationPlatforms) = postSolution
		{0CAC2812-3412-46AD-8EF1-9203473595D8}.Debug|Any CPU.ActiveCfg = Debug|Any CPU
		{0CAC2812-3412-46AD-8EF1-9203473595D8}.Debug|Any CPU.Build.0 = Debug|Any CPU
		{0CAC2812-3412-46AD-8EF1-9203473595D8}.Release|Any CPU.ActiveCfg = Release|Any CPU
		{0CAC2812-3412-46AD-8EF1-9203473595D8}.Release|Any CPU.Build.0 = Release|Any CPU
	EndGlobalSection
	GlobalSection(SolutionProperties) = preSolution
		HideSolutionNode = FALSE
	EndGlobalSection
	GlobalSection(ExtensibilityGlobals) = postSolution
		SolutionGuid = {FBE86DE6-3C7E-4858-8D94-FF7A65D704C5}
	EndGlobalSection
EndGlobal
